// !$*UTF8*$!
{
	archiveVersion = 1;
	classes = {
	};
	objectVersion = 46;
	objects = {

/* Begin PBXBuildFile section */
		32C25DCE1DB4F97800A46C2B /* ChaosMESS.cpp in Sources */ = {isa = PBXBuildFile; fileRef = 32C25DC31DB4F97800A46C2B /* ChaosMESS.cpp */; };
		32C25DCF1DB4F97800A46C2B /* CmdCalcBandwidth.cpp in Sources */ = {isa = PBXBuildFile; fileRef = 32C25DC51DB4F97800A46C2B /* CmdCalcBandwidth.cpp */; };
		32C25DD01DB4F97800A46C2B /* CmdCalcTrxDelay.cpp in Sources */ = {isa = PBXBuildFile; fileRef = 32C25DC71DB4F97800A46C2B /* CmdCalcTrxDelay.cpp */; };
		32C25DD11DB4F97800A46C2B /* DefaultCommand.cpp in Sources */ = {isa = PBXBuildFile; fileRef = 32C25DC91DB4F97800A46C2B /* DefaultCommand.cpp */; };
		32C25DD21DB4F97800A46C2B /* DummyDriver.cpp in Sources */ = {isa = PBXBuildFile; fileRef = 32C25DCB1DB4F97800A46C2B /* DummyDriver.cpp */; };
		32C25DD41DB4F97F00A46C2B /* messMonitor.cpp in Sources */ = {isa = PBXBuildFile; fileRef = 32C25DD31DB4F97F00A46C2B /* messMonitor.cpp */; };
		32C25DE11DB4FBCA00A46C2B /* messClient.cpp in Sources */ = {isa = PBXBuildFile; fileRef = 32C25DE01DB4FBCA00A46C2B /* messClient.cpp */; };
/* End PBXBuildFile section */

/* Begin PBXCopyFilesBuildPhase section */
		32C25DA91DB4F88000A46C2B /* CopyFiles */ = {
			isa = PBXCopyFilesBuildPhase;
			buildActionMask = 2147483647;
			dstPath = /usr/share/man/man1/;
			dstSubfolderSpec = 0;
			files = (
			);
			runOnlyForDeploymentPostprocessing = 1;
		};
		32C25DD71DB4FBB500A46C2B /* CopyFiles */ = {
			isa = PBXCopyFilesBuildPhase;
			buildActionMask = 2147483647;
			dstPath = /usr/share/man/man1/;
			dstSubfolderSpec = 0;
			files = (
			);
			runOnlyForDeploymentPostprocessing = 1;
		};
/* End PBXCopyFilesBuildPhase section */

/* Begin PBXFileReference section */
		32C25DAB1DB4F88000A46C2B /* MessMonitor */ = {isa = PBXFileReference; explicitFileType = "compiled.mach-o.executable"; includeInIndex = 0; path = MessMonitor; sourceTree = BUILT_PRODUCTS_DIR; };
		32C25DC31DB4F97800A46C2B /* ChaosMESS.cpp */ = {isa = PBXFileReference; fileEncoding = 4; lastKnownFileType = sourcecode.cpp.cpp; name = ChaosMESS.cpp; path = models/benchmark/ChaosMESS.cpp; sourceTree = SOURCE_ROOT; };
		32C25DC41DB4F97800A46C2B /* ChaosMESS.h */ = {isa = PBXFileReference; fileEncoding = 4; lastKnownFileType = sourcecode.c.h; name = ChaosMESS.h; path = models/benchmark/ChaosMESS.h; sourceTree = SOURCE_ROOT; };
		32C25DC51DB4F97800A46C2B /* CmdCalcBandwidth.cpp */ = {isa = PBXFileReference; fileEncoding = 4; lastKnownFileType = sourcecode.cpp.cpp; name = CmdCalcBandwidth.cpp; path = models/benchmark/CmdCalcBandwidth.cpp; sourceTree = SOURCE_ROOT; };
		32C25DC61DB4F97800A46C2B /* CmdCalcBandwidth.h */ = {isa = PBXFileReference; fileEncoding = 4; lastKnownFileType = sourcecode.c.h; name = CmdCalcBandwidth.h; path = models/benchmark/CmdCalcBandwidth.h; sourceTree = SOURCE_ROOT; };
		32C25DC71DB4F97800A46C2B /* CmdCalcTrxDelay.cpp */ = {isa = PBXFileReference; fileEncoding = 4; lastKnownFileType = sourcecode.cpp.cpp; name = CmdCalcTrxDelay.cpp; path = models/benchmark/CmdCalcTrxDelay.cpp; sourceTree = SOURCE_ROOT; };
		32C25DC81DB4F97800A46C2B /* CmdCalcTrxDelay.h */ = {isa = PBXFileReference; fileEncoding = 4; lastKnownFileType = sourcecode.c.h; name = CmdCalcTrxDelay.h; path = models/benchmark/CmdCalcTrxDelay.h; sourceTree = SOURCE_ROOT; };
		32C25DC91DB4F97800A46C2B /* DefaultCommand.cpp */ = {isa = PBXFileReference; fileEncoding = 4; lastKnownFileType = sourcecode.cpp.cpp; name = DefaultCommand.cpp; path = models/benchmark/DefaultCommand.cpp; sourceTree = SOURCE_ROOT; };
		32C25DCA1DB4F97800A46C2B /* DefaultCommand.h */ = {isa = PBXFileReference; fileEncoding = 4; lastKnownFileType = sourcecode.c.h; name = DefaultCommand.h; path = models/benchmark/DefaultCommand.h; sourceTree = SOURCE_ROOT; };
		32C25DCB1DB4F97800A46C2B /* DummyDriver.cpp */ = {isa = PBXFileReference; fileEncoding = 4; lastKnownFileType = sourcecode.cpp.cpp; name = DummyDriver.cpp; path = models/benchmark/DummyDriver.cpp; sourceTree = SOURCE_ROOT; };
		32C25DCC1DB4F97800A46C2B /* DummyDriver.h */ = {isa = PBXFileReference; fileEncoding = 4; lastKnownFileType = sourcecode.c.h; name = DummyDriver.h; path = models/benchmark/DummyDriver.h; sourceTree = SOURCE_ROOT; };
		32C25DCD1DB4F97800A46C2B /* MessProfilePacketInfo.h */ = {isa = PBXFileReference; fileEncoding = 4; lastKnownFileType = sourcecode.c.h; name = MessProfilePacketInfo.h; path = models/benchmark/MessProfilePacketInfo.h; sourceTree = SOURCE_ROOT; };
		32C25DD31DB4F97F00A46C2B /* messMonitor.cpp */ = {isa = PBXFileReference; fileEncoding = 4; lastKnownFileType = sourcecode.cpp.cpp; name = messMonitor.cpp; path = models/benchmark/test/messMonitor.cpp; sourceTree = SOURCE_ROOT; };
		32C25DD91DB4FBB500A46C2B /* MessClient */ = {isa = PBXFileReference; explicitFileType = "compiled.mach-o.executable"; includeInIndex = 0; path = MessClient; sourceTree = BUILT_PRODUCTS_DIR; };
		32C25DE01DB4FBCA00A46C2B /* messClient.cpp */ = {isa = PBXFileReference; fileEncoding = 4; lastKnownFileType = sourcecode.cpp.cpp; name = messClient.cpp; path = models/benchmark/test/messClient.cpp; sourceTree = SOURCE_ROOT; };
/* End PBXFileReference section */

/* Begin PBXFrameworksBuildPhase section */
		32C25DA81DB4F88000A46C2B /* Frameworks */ = {
			isa = PBXFrameworksBuildPhase;
			buildActionMask = 2147483647;
			files = (
			);
			runOnlyForDeploymentPostprocessing = 0;
		};
		32C25DD61DB4FBB500A46C2B /* Frameworks */ = {
			isa = PBXFrameworksBuildPhase;
			buildActionMask = 2147483647;
			files = (
			);
			runOnlyForDeploymentPostprocessing = 0;
		};
/* End PBXFrameworksBuildPhase section */

/* Begin PBXGroup section */
		32C25DAC1DB4F88000A46C2B /* MessMonitor */ = {
			isa = PBXGroup;
			children = (
				32C25DD31DB4F97F00A46C2B /* messMonitor.cpp */,
				32C25DC31DB4F97800A46C2B /* ChaosMESS.cpp */,
				32C25DC41DB4F97800A46C2B /* ChaosMESS.h */,
				32C25DC51DB4F97800A46C2B /* CmdCalcBandwidth.cpp */,
				32C25DC61DB4F97800A46C2B /* CmdCalcBandwidth.h */,
				32C25DC71DB4F97800A46C2B /* CmdCalcTrxDelay.cpp */,
				32C25DC81DB4F97800A46C2B /* CmdCalcTrxDelay.h */,
				32C25DC91DB4F97800A46C2B /* DefaultCommand.cpp */,
				32C25DCA1DB4F97800A46C2B /* DefaultCommand.h */,
				32C25DCB1DB4F97800A46C2B /* DummyDriver.cpp */,
				32C25DCC1DB4F97800A46C2B /* DummyDriver.h */,
				32C25DCD1DB4F97800A46C2B /* MessProfilePacketInfo.h */,
			);
			path = MessMonitor;
			sourceTree = "<group>";
		};
		32C25DDA1DB4FBB500A46C2B /* MessClient */ = {
			isa = PBXGroup;
			children = (
				32C25DE01DB4FBCA00A46C2B /* messClient.cpp */,
			);
			path = MessClient;
			sourceTree = "<group>";
		};
		53EBBBFE1D703C3000BD1D8B = {
			isa = PBXGroup;
			children = (
				32C25DAC1DB4F88000A46C2B /* MessMonitor */,
				32C25DDA1DB4FBB500A46C2B /* MessClient */,
				53EBBC081D703C3000BD1D8B /* Products */,
			);
			sourceTree = "<group>";
		};
		53EBBC081D703C3000BD1D8B /* Products */ = {
			isa = PBXGroup;
			children = (
				32C25DAB1DB4F88000A46C2B /* MessMonitor */,
				32C25DD91DB4FBB500A46C2B /* MessClient */,
			);
			name = Products;
			sourceTree = "<group>";
		};
/* End PBXGroup section */

/* Begin PBXNativeTarget section */
		32C25DAA1DB4F88000A46C2B /* MessMonitor */ = {
			isa = PBXNativeTarget;
			buildConfigurationList = 32C25DAF1DB4F88000A46C2B /* Build configuration list for PBXNativeTarget "MessMonitor" */;
			buildPhases = (
				32C25DA71DB4F88000A46C2B /* Sources */,
				32C25DA81DB4F88000A46C2B /* Frameworks */,
				32C25DA91DB4F88000A46C2B /* CopyFiles */,
			);
			buildRules = (
			);
			dependencies = (
			);
			name = MessMonitor;
			productName = MessMonitor;
			productReference = 32C25DAB1DB4F88000A46C2B /* MessMonitor */;
			productType = "com.apple.product-type.tool";
		};
		32C25DD81DB4FBB500A46C2B /* MessClient */ = {
			isa = PBXNativeTarget;
			buildConfigurationList = 32C25DDD1DB4FBB500A46C2B /* Build configuration list for PBXNativeTarget "MessClient" */;
			buildPhases = (
				32C25DD51DB4FBB500A46C2B /* Sources */,
				32C25DD61DB4FBB500A46C2B /* Frameworks */,
				32C25DD71DB4FBB500A46C2B /* CopyFiles */,
			);
			buildRules = (
			);
			dependencies = (
			);
			name = MessClient;
			productName = MessClient;
			productReference = 32C25DD91DB4FBB500A46C2B /* MessClient */;
			productType = "com.apple.product-type.tool";
		};
/* End PBXNativeTarget section */

/* Begin PBXProject section */
		53EBBBFF1D703C3000BD1D8B /* Project object */ = {
			isa = PBXProject;
			attributes = {
				LastUpgradeCheck = 0730;
				ORGANIZATIONNAME = "andrea michelotti";
				TargetAttributes = {
					32C25DAA1DB4F88000A46C2B = {
						CreatedOnToolsVersion = 8.0;
						DevelopmentTeam = ZZ5BMKV37Y;
						ProvisioningStyle = Automatic;
					};
					32C25DD81DB4FBB500A46C2B = {
						CreatedOnToolsVersion = 8.0;
						DevelopmentTeam = ZZ5BMKV37Y;
						ProvisioningStyle = Automatic;
					};
				};
			};
			buildConfigurationList = 53EBBC021D703C3000BD1D8B /* Build configuration list for PBXProject "chaos_driver_misc" */;
			compatibilityVersion = "Xcode 3.2";
			developmentRegion = English;
			hasScannedForEncodings = 0;
			knownRegions = (
				en,
			);
			mainGroup = 53EBBBFE1D703C3000BD1D8B;
			productRefGroup = 53EBBC081D703C3000BD1D8B /* Products */;
			projectDirPath = "";
			projectRoot = "";
			targets = (
				32C25DAA1DB4F88000A46C2B /* MessMonitor */,
				32C25DD81DB4FBB500A46C2B /* MessClient */,
			);
		};
/* End PBXProject section */

/* Begin PBXSourcesBuildPhase section */
		32C25DA71DB4F88000A46C2B /* Sources */ = {
			isa = PBXSourcesBuildPhase;
			buildActionMask = 2147483647;
			files = (
				32C25DD41DB4F97F00A46C2B /* messMonitor.cpp in Sources */,
				32C25DD21DB4F97800A46C2B /* DummyDriver.cpp in Sources */,
				32C25DCE1DB4F97800A46C2B /* ChaosMESS.cpp in Sources */,
				32C25DCF1DB4F97800A46C2B /* CmdCalcBandwidth.cpp in Sources */,
				32C25DD01DB4F97800A46C2B /* CmdCalcTrxDelay.cpp in Sources */,
				32C25DD11DB4F97800A46C2B /* DefaultCommand.cpp in Sources */,
			);
			runOnlyForDeploymentPostprocessing = 0;
		};
		32C25DD51DB4FBB500A46C2B /* Sources */ = {
			isa = PBXSourcesBuildPhase;
			buildActionMask = 2147483647;
			files = (
				32C25DE11DB4FBCA00A46C2B /* messClient.cpp in Sources */,
			);
			runOnlyForDeploymentPostprocessing = 0;
		};
/* End PBXSourcesBuildPhase section */

/* Begin XCBuildConfiguration section */
		32C25DB01DB4F88000A46C2B /* Debug */ = {
			isa = XCBuildConfiguration;
			buildSettings = {
				CLANG_WARN_DOCUMENTATION_COMMENTS = YES;
				CLANG_WARN_INFINITE_RECURSION = YES;
				CONFIGURATION_BUILD_DIR = "$(SRCROOT)/../../usr/local/bin";
				DEVELOPMENT_TEAM = ZZ5BMKV37Y;
				INSTALL_PATH = "$(SRCROOT)/../../usr/local/bin";
				MACOSX_DEPLOYMENT_TARGET = 10.8;
				OTHER_LDFLAGS = (
					"-lchaos_cutoolkit",
					"-lchaos_common",
				);
				PRODUCT_NAME = "$(TARGET_NAME)";
			};
			name = Debug;
		};
		32C25DB11DB4F88000A46C2B /* Release */ = {
			isa = XCBuildConfiguration;
			buildSettings = {
				CLANG_WARN_DOCUMENTATION_COMMENTS = YES;
				CLANG_WARN_INFINITE_RECURSION = YES;
				CONFIGURATION_BUILD_DIR = "$(SRCROOT)/../../usr/local/bin";
				DEVELOPMENT_TEAM = ZZ5BMKV37Y;
				INSTALL_PATH = "$(SRCROOT)/../../usr/local/bin";
				MACOSX_DEPLOYMENT_TARGET = 10.8;
				OTHER_LDFLAGS = (
					"-lchaos_cutoolkit",
					"-lchaos_common",
				);
				PRODUCT_NAME = "$(TARGET_NAME)";
			};
			name = Release;
		};
		32C25DDE1DB4FBB500A46C2B /* Debug */ = {
			isa = XCBuildConfiguration;
			buildSettings = {
				CLANG_CXX_LANGUAGE_STANDARD = "gnu++0x";
				CLANG_WARN_DOCUMENTATION_COMMENTS = YES;
				CLANG_WARN_INFINITE_RECURSION = YES;
				CLANG_WARN_SUSPICIOUS_MOVES = YES;
				DEVELOPMENT_TEAM = ZZ5BMKV37Y;
				MACOSX_DEPLOYMENT_TARGET = 10.12;
				MTL_ENABLE_DEBUG_INFO = YES;
				OTHER_LDFLAGS = (
					"-lchaos_uitoolkit",
					"-lchaos_common",
				);
				PRODUCT_NAME = "$(TARGET_NAME)";
			};
			name = Debug;
		};
		32C25DDF1DB4FBB500A46C2B /* Release */ = {
			isa = XCBuildConfiguration;
			buildSettings = {
				CLANG_CXX_LANGUAGE_STANDARD = "gnu++0x";
				CLANG_WARN_DOCUMENTATION_COMMENTS = YES;
				CLANG_WARN_INFINITE_RECURSION = YES;
				CLANG_WARN_SUSPICIOUS_MOVES = YES;
				DEVELOPMENT_TEAM = ZZ5BMKV37Y;
				MACOSX_DEPLOYMENT_TARGET = 10.12;
				MTL_ENABLE_DEBUG_INFO = NO;
				OTHER_LDFLAGS = (
					"-lchaos_uitoolkit",
					"-lchaos_common",
				);
				PRODUCT_NAME = "$(TARGET_NAME)";
			};
			name = Release;
		};
		53EBBC0C1D703C3300BD1D8B /* Debug */ = {
			isa = XCBuildConfiguration;
			buildSettings = {
				ALWAYS_SEARCH_USER_PATHS = NO;
				CLANG_ANALYZER_NONNULL = YES;
				CLANG_CXX_LANGUAGE_STANDARD = "compiler-default";
				CLANG_CXX_LIBRARY = "libc++";
				CLANG_ENABLE_MODULES = YES;
				CLANG_ENABLE_OBJC_ARC = YES;
				CLANG_WARN_BOOL_CONVERSION = YES;
				CLANG_WARN_CONSTANT_CONVERSION = YES;
				CLANG_WARN_DIRECT_OBJC_ISA_USAGE = YES_ERROR;
				CLANG_WARN_EMPTY_BODY = YES;
				CLANG_WARN_ENUM_CONVERSION = YES;
				CLANG_WARN_INT_CONVERSION = YES;
				CLANG_WARN_OBJC_ROOT_CLASS = YES_ERROR;
				CLANG_WARN_UNREACHABLE_CODE = YES;
				CLANG_WARN__DUPLICATE_METHOD_MATCH = YES;
				CODE_SIGN_IDENTITY = "-";
				COPY_PHASE_STRIP = NO;
				DEBUG_INFORMATION_FORMAT = dwarf;
				ENABLE_STRICT_OBJC_MSGSEND = YES;
				ENABLE_TESTABILITY = YES;
				GCC_C_LANGUAGE_STANDARD = gnu99;
				GCC_DYNAMIC_NO_PIC = NO;
				GCC_NO_COMMON_BLOCKS = YES;
				GCC_OPTIMIZATION_LEVEL = 0;
				GCC_PREPROCESSOR_DEFINITIONS = (
					"DEBUG=1",
					"$(inherited)",
				);
				GCC_WARN_64_TO_32_BIT_CONVERSION = YES;
				GCC_WARN_ABOUT_RETURN_TYPE = YES_ERROR;
				GCC_WARN_UNDECLARED_SELECTOR = YES;
				GCC_WARN_UNINITIALIZED_AUTOS = YES_AGGRESSIVE;
				GCC_WARN_UNUSED_FUNCTION = YES;
				GCC_WARN_UNUSED_VARIABLE = YES;
				HEADER_SEARCH_PATHS = ../../usr/local/include;
				LIBRARY_SEARCH_PATHS = "$(SRCROOT)/../../usr/local/lib";
				MACOSX_DEPLOYMENT_TARGET = 10.11;
				ONLY_ACTIVE_ARCH = YES;
				SDKROOT = macosx;
			};
			name = Debug;
		};
		53EBBC0D1D703C3300BD1D8B /* Release */ = {
			isa = XCBuildConfiguration;
			buildSettings = {
				ALWAYS_SEARCH_USER_PATHS = NO;
				CLANG_ANALYZER_NONNULL = YES;
				CLANG_CXX_LANGUAGE_STANDARD = "compiler-default";
				CLANG_CXX_LIBRARY = "libc++";
				CLANG_ENABLE_MODULES = YES;
				CLANG_ENABLE_OBJC_ARC = YES;
				CLANG_WARN_BOOL_CONVERSION = YES;
				CLANG_WARN_CONSTANT_CONVERSION = YES;
				CLANG_WARN_DIRECT_OBJC_ISA_USAGE = YES_ERROR;
				CLANG_WARN_EMPTY_BODY = YES;
				CLANG_WARN_ENUM_CONVERSION = YES;
				CLANG_WARN_INT_CONVERSION = YES;
				CLANG_WARN_OBJC_ROOT_CLASS = YES_ERROR;
				CLANG_WARN_UNREACHABLE_CODE = YES;
				CLANG_WARN__DUPLICATE_METHOD_MATCH = YES;
				CODE_SIGN_IDENTITY = "-";
				COPY_PHASE_STRIP = NO;
				DEBUG_INFORMATION_FORMAT = "dwarf-with-dsym";
				ENABLE_NS_ASSERTIONS = NO;
				ENABLE_STRICT_OBJC_MSGSEND = YES;
				GCC_C_LANGUAGE_STANDARD = gnu99;
				GCC_NO_COMMON_BLOCKS = YES;
				GCC_WARN_64_TO_32_BIT_CONVERSION = YES;
				GCC_WARN_ABOUT_RETURN_TYPE = YES_ERROR;
				GCC_WARN_UNDECLARED_SELECTOR = YES;
				GCC_WARN_UNINITIALIZED_AUTOS = YES_AGGRESSIVE;
				GCC_WARN_UNUSED_FUNCTION = YES;
				GCC_WARN_UNUSED_VARIABLE = YES;
				HEADER_SEARCH_PATHS = ../../usr/local/include;
				LIBRARY_SEARCH_PATHS = "$(SRCROOT)/../../usr/local/lib";
				MACOSX_DEPLOYMENT_TARGET = 10.11;
				SDKROOT = macosx;
			};
			name = Release;
		};
/* End XCBuildConfiguration section */

/* Begin XCConfigurationList section */
		32C25DAF1DB4F88000A46C2B /* Build configuration list for PBXNativeTarget "MessMonitor" */ = {
			isa = XCConfigurationList;
			buildConfigurations = (
				32C25DB01DB4F88000A46C2B /* Debug */,
				32C25DB11DB4F88000A46C2B /* Release */,
			);
			defaultConfigurationIsVisible = 0;
			defaultConfigurationName = Release;
		};
		32C25DDD1DB4FBB500A46C2B /* Build configuration list for PBXNativeTarget "MessClient" */ = {
			isa = XCConfigurationList;
			buildConfigurations = (
				32C25DDE1DB4FBB500A46C2B /* Debug */,
				32C25DDF1DB4FBB500A46C2B /* Release */,
			);
			defaultConfigurationIsVisible = 0;
		};
		53EBBC021D703C3000BD1D8B /* Build configuration list for PBXProject "chaos_driver_misc" */ = {
			isa = XCConfigurationList;
			buildConfigurations = (
				53EBBC0C1D703C3300BD1D8B /* Debug */,
				53EBBC0D1D703C3300BD1D8B /* Release */,
			);
			defaultConfigurationIsVisible = 0;
			defaultConfigurationName = Release;
		};
/* End XCConfigurationList section */
	};
	rootObject = 53EBBBFF1D703C3000BD1D8B /* Project object */;
}
